{
  "name": "-whether-weather-",
  "version": "1.0.0",
  "description": "A web app showing todays and upcoming weather.",
  "main": "index.html",
  "scripts": {
    "test": "echo \"Error: no test specified\" && exit 1"
  },
  "build": "npx @11ty/eleventy"
  },
  "devDependencies": {
    "@11ty/eleventy-navigation": "^0.3.5"
  },
  "repository": {
    "type": "git",
    "url": "git+https://github.com/Shaun-Walsh/-Whether-Weather-.git"
  },
  "author": "Shaun Walsh",
  "license": "ISC",
  "bugs": {
    "url": "https://github.com/Shaun-Walsh/-Whether-Weather-/issues"
  },
  "homepage": "https://github.com/Shaun-Walsh/-Whether-Weather-#readme",
  "dependencies": {
    "dependency-graph": "^0.11.0"
  },
  "keywords": []
}